// !$*UTF8*$!
{
	archiveVersion = 1;
	classes = {
	};
	objectVersion = 60;
	objects = {

/* Begin PBXBuildFile section */
		850F985D2C5D9D1900CB7B2A /* URLImage.swift in Sources */ = {isa = PBXBuildFile; fileRef = 850F985C2C5D9D1900CB7B2A /* URLImage.swift */; };
		850F985F2C5DB15900CB7B2A /* SetView.swift in Sources */ = {isa = PBXBuildFile; fileRef = 850F985E2C5DB15900CB7B2A /* SetView.swift */; };
		8552384B2C5FA07E009E26A4 /* CardModels.swift in Sources */ = {isa = PBXBuildFile; fileRef = 8552384A2C5FA07E009E26A4 /* CardModels.swift */; };
		8552384D2C5FA0A5009E26A4 /* SetModels.swift in Sources */ = {isa = PBXBuildFile; fileRef = 8552384C2C5FA0A5009E26A4 /* SetModels.swift */; };
		855238592C5FA620009E26A4 /* SetsView.swift in Sources */ = {isa = PBXBuildFile; fileRef = 855238582C5FA620009E26A4 /* SetsView.swift */; };
		8552385B2C5FB04F009E26A4 /* SearchCardView.swift in Sources */ = {isa = PBXBuildFile; fileRef = 8552385A2C5FB04F009E26A4 /* SearchCardView.swift */; };
		855238602C6E761A009E26A4 /* WishlistView.swift in Sources */ = {isa = PBXBuildFile; fileRef = 8552385F2C6E761A009E26A4 /* WishlistView.swift */; };
		855238632C70FDF5009E26A4 /* Storage.swift in Sources */ = {isa = PBXBuildFile; fileRef = 855238622C70FDF5009E26A4 /* Storage.swift */; };
		855238662C710355009E26A4 /* DataUtils.swift in Sources */ = {isa = PBXBuildFile; fileRef = 855238652C710355009E26A4 /* DataUtils.swift */; };
		855238682C71181F009E26A4 /* CollectionView.swift in Sources */ = {isa = PBXBuildFile; fileRef = 855238672C71181F009E26A4 /* CollectionView.swift */; };
		855238772C7B52C0009E26A4 /* Cache.swift in Sources */ = {isa = PBXBuildFile; fileRef = 855238762C7B52C0009E26A4 /* Cache.swift */; };
		855238852C7B8C87009E26A4 /* SFProText-Regular.ttf in Resources */ = {isa = PBXBuildFile; fileRef = 855238842C7B8C87009E26A4 /* SFProText-Regular.ttf */; };
		855238892C7B8C9F009E26A4 /* VT323-Regular.ttf in Resources */ = {isa = PBXBuildFile; fileRef = 855238882C7B8C9F009E26A4 /* VT323-Regular.ttf */; };
		855238952C7B978D009E26A4 /* SingleCard.swift in Sources */ = {isa = PBXBuildFile; fileRef = 855238942C7B978D009E26A4 /* SingleCard.swift */; };
		855238972C7CA331009E26A4 /* PriceRangeGrid.swift in Sources */ = {isa = PBXBuildFile; fileRef = 855238962C7CA331009E26A4 /* PriceRangeGrid.swift */; };
		855238992C7CA3A6009E26A4 /* CollectionValueUtils.swift in Sources */ = {isa = PBXBuildFile; fileRef = 855238982C7CA3A6009E26A4 /* CollectionValueUtils.swift */; };
		8552389B2C7CA419009E26A4 /* CollectionValue.swift in Sources */ = {isa = PBXBuildFile; fileRef = 8552389A2C7CA419009E26A4 /* CollectionValue.swift */; };
		8552389E2C7DEFBA009E26A4 /* WishlistRepository.swift in Sources */ = {isa = PBXBuildFile; fileRef = 8552389D2C7DEFBA009E26A4 /* WishlistRepository.swift */; };
		855238A02C7DEFEE009E26A4 /* CollectionRepository.swift in Sources */ = {isa = PBXBuildFile; fileRef = 8552389F2C7DEFEE009E26A4 /* CollectionRepository.swift */; };
		855238A22C7DF01D009E26A4 /* ChatView.swift in Sources */ = {isa = PBXBuildFile; fileRef = 855238A12C7DF01D009E26A4 /* ChatView.swift */; };
		855238A52C7DF133009E26A4 /* Apollo in Frameworks */ = {isa = PBXBuildFile; productRef = 855238A42C7DF133009E26A4 /* Apollo */; };
		855238A82C7DF151009E26A4 /* schema.graphqls in Resources */ = {isa = PBXBuildFile; fileRef = 855238A72C7DF151009E26A4 /* schema.graphqls */; };
		855238AE2C7DF20D009E26A4 /* query.graphql in Resources */ = {isa = PBXBuildFile; fileRef = 855238AD2C7DF20D009E26A4 /* query.graphql */; };
		855238BA2C7DFFF7009E26A4 /* ApolloAPI in Frameworks */ = {isa = PBXBuildFile; productRef = 855238B92C7DFFF7009E26A4 /* ApolloAPI */; };
		855238C82C7E0534009E26A4 /* Network.swift in Sources */ = {isa = PBXBuildFile; fileRef = 855238C72C7E0534009E26A4 /* Network.swift */; };
		857F55692C83A18C00F52563 /* ApolloWebSocket in Frameworks */ = {isa = PBXBuildFile; productRef = 857F55682C83A18C00F52563 /* ApolloWebSocket */; };
		857F556B2C83AA8800F52563 /* subscriptions.graphql in Resources */ = {isa = PBXBuildFile; fileRef = 857F556A2C83AA8800F52563 /* subscriptions.graphql */; };
		857F556F2C84C1EC00F52563 /* ChatViewModel.swift in Sources */ = {isa = PBXBuildFile; fileRef = 857F556E2C84C1EC00F52563 /* ChatViewModel.swift */; };
		857F55712C863D9700F52563 /* ChatsView.swift in Sources */ = {isa = PBXBuildFile; fileRef = 857F55702C863D9700F52563 /* ChatsView.swift */; };
		857F55732C863DA100F52563 /* ChatsViewModel.swift in Sources */ = {isa = PBXBuildFile; fileRef = 857F55722C863DA100F52563 /* ChatsViewModel.swift */; };
		85D306172C5AC966008CB1B6 /* TCG_Poke.swift in Sources */ = {isa = PBXBuildFile; fileRef = 85D306162C5AC966008CB1B6 /* TCG_Poke.swift */; };
		85D306192C5AC966008CB1B6 /* ContentView.swift in Sources */ = {isa = PBXBuildFile; fileRef = 85D306182C5AC966008CB1B6 /* ContentView.swift */; };
		85D3061B2C5AC968008CB1B6 /* Assets.xcassets in Resources */ = {isa = PBXBuildFile; fileRef = 85D3061A2C5AC968008CB1B6 /* Assets.xcassets */; };
		85D3061F2C5AC968008CB1B6 /* Preview Assets.xcassets in Resources */ = {isa = PBXBuildFile; fileRef = 85D3061E2C5AC968008CB1B6 /* Preview Assets.xcassets */; };
		85D306422C5D8DEC008CB1B6 /* ViewModel.swift in Sources */ = {isa = PBXBuildFile; fileRef = 85D306412C5D8DEC008CB1B6 /* ViewModel.swift */; };
		85D9B1CC2C7E30DA000F856D /* mutation.graphql in Resources */ = {isa = PBXBuildFile; fileRef = 85D9B1CB2C7E30DA000F856D /* mutation.graphql */; };
		85D9B1D72C8327CB000F856D /* AsyncCacheImage.swift in Sources */ = {isa = PBXBuildFile; fileRef = 85D9B1D62C8327CB000F856D /* AsyncCacheImage.swift */; };
		85FE0BC72C877698002D4D26 /* ChatAPI in Frameworks */ = {isa = PBXBuildFile; productRef = 85FE0BC62C877698002D4D26 /* ChatAPI */; };
/* End PBXBuildFile section */

/* Begin PBXFileReference section */
		850F985C2C5D9D1900CB7B2A /* URLImage.swift */ = {isa = PBXFileReference; lastKnownFileType = sourcecode.swift; path = URLImage.swift; sourceTree = "<group>"; };
		850F985E2C5DB15900CB7B2A /* SetView.swift */ = {isa = PBXFileReference; lastKnownFileType = sourcecode.swift; path = SetView.swift; sourceTree = "<group>"; };
		8552384A2C5FA07E009E26A4 /* CardModels.swift */ = {isa = PBXFileReference; lastKnownFileType = sourcecode.swift; path = CardModels.swift; sourceTree = "<group>"; };
		8552384C2C5FA0A5009E26A4 /* SetModels.swift */ = {isa = PBXFileReference; lastKnownFileType = sourcecode.swift; path = SetModels.swift; sourceTree = "<group>"; };
		855238582C5FA620009E26A4 /* SetsView.swift */ = {isa = PBXFileReference; lastKnownFileType = sourcecode.swift; path = SetsView.swift; sourceTree = "<group>"; };
		8552385A2C5FB04F009E26A4 /* SearchCardView.swift */ = {isa = PBXFileReference; lastKnownFileType = sourcecode.swift; path = SearchCardView.swift; sourceTree = "<group>"; };
		8552385F2C6E761A009E26A4 /* WishlistView.swift */ = {isa = PBXFileReference; lastKnownFileType = sourcecode.swift; path = WishlistView.swift; sourceTree = "<group>"; };
		855238622C70FDF5009E26A4 /* Storage.swift */ = {isa = PBXFileReference; lastKnownFileType = sourcecode.swift; path = Storage.swift; sourceTree = "<group>"; };
		855238652C710355009E26A4 /* DataUtils.swift */ = {isa = PBXFileReference; lastKnownFileType = sourcecode.swift; path = DataUtils.swift; sourceTree = "<group>"; };
		855238672C71181F009E26A4 /* CollectionView.swift */ = {isa = PBXFileReference; lastKnownFileType = sourcecode.swift; path = CollectionView.swift; sourceTree = "<group>"; };
		8552386B2C7B3CC1009E26A4 /* Info.plist */ = {isa = PBXFileReference; lastKnownFileType = text.plist; path = Info.plist; sourceTree = "<group>"; };
		855238762C7B52C0009E26A4 /* Cache.swift */ = {isa = PBXFileReference; lastKnownFileType = sourcecode.swift; path = Cache.swift; sourceTree = "<group>"; };
		855238842C7B8C87009E26A4 /* SFProText-Regular.ttf */ = {isa = PBXFileReference; lastKnownFileType = file; path = "SFProText-Regular.ttf"; sourceTree = "<group>"; };
		855238882C7B8C9F009E26A4 /* VT323-Regular.ttf */ = {isa = PBXFileReference; lastKnownFileType = file; name = "VT323-Regular.ttf"; path = "../../Downloads/VT323/VT323-Regular.ttf"; sourceTree = "<group>"; };
		855238942C7B978D009E26A4 /* SingleCard.swift */ = {isa = PBXFileReference; lastKnownFileType = sourcecode.swift; path = SingleCard.swift; sourceTree = "<group>"; };
		855238962C7CA331009E26A4 /* PriceRangeGrid.swift */ = {isa = PBXFileReference; lastKnownFileType = sourcecode.swift; path = PriceRangeGrid.swift; sourceTree = "<group>"; };
		855238982C7CA3A6009E26A4 /* CollectionValueUtils.swift */ = {isa = PBXFileReference; lastKnownFileType = sourcecode.swift; path = CollectionValueUtils.swift; sourceTree = "<group>"; };
		8552389A2C7CA419009E26A4 /* CollectionValue.swift */ = {isa = PBXFileReference; lastKnownFileType = sourcecode.swift; path = CollectionValue.swift; sourceTree = "<group>"; };
		8552389D2C7DEFBA009E26A4 /* WishlistRepository.swift */ = {isa = PBXFileReference; fileEncoding = 4; lastKnownFileType = sourcecode.swift; path = WishlistRepository.swift; sourceTree = "<group>"; };
		8552389F2C7DEFEE009E26A4 /* CollectionRepository.swift */ = {isa = PBXFileReference; fileEncoding = 4; lastKnownFileType = sourcecode.swift; path = CollectionRepository.swift; sourceTree = "<group>"; };
		855238A12C7DF01D009E26A4 /* ChatView.swift */ = {isa = PBXFileReference; lastKnownFileType = sourcecode.swift; path = ChatView.swift; sourceTree = "<group>"; };
		855238A72C7DF151009E26A4 /* schema.graphqls */ = {isa = PBXFileReference; fileEncoding = 4; lastKnownFileType = text; path = schema.graphqls; sourceTree = "<group>"; };
		855238AD2C7DF20D009E26A4 /* query.graphql */ = {isa = PBXFileReference; fileEncoding = 4; lastKnownFileType = text; path = query.graphql; sourceTree = "<group>"; };
		855238C72C7E0534009E26A4 /* Network.swift */ = {isa = PBXFileReference; lastKnownFileType = sourcecode.swift; path = Network.swift; sourceTree = "<group>"; };
		857F556A2C83AA8800F52563 /* subscriptions.graphql */ = {isa = PBXFileReference; lastKnownFileType = text; path = subscriptions.graphql; sourceTree = "<group>"; };
		857F556E2C84C1EC00F52563 /* ChatViewModel.swift */ = {isa = PBXFileReference; lastKnownFileType = sourcecode.swift; path = ChatViewModel.swift; sourceTree = "<group>"; };
		857F55702C863D9700F52563 /* ChatsView.swift */ = {isa = PBXFileReference; lastKnownFileType = sourcecode.swift; path = ChatsView.swift; sourceTree = "<group>"; };
		857F55722C863DA100F52563 /* ChatsViewModel.swift */ = {isa = PBXFileReference; lastKnownFileType = sourcecode.swift; path = ChatsViewModel.swift; sourceTree = "<group>"; };
		85D306132C5AC966008CB1B6 /* TCG Poke Swift.app */ = {isa = PBXFileReference; explicitFileType = wrapper.application; includeInIndex = 0; path = "TCG Poke Swift.app"; sourceTree = BUILT_PRODUCTS_DIR; };
		85D306162C5AC966008CB1B6 /* TCG_Poke.swift */ = {isa = PBXFileReference; lastKnownFileType = sourcecode.swift; path = TCG_Poke.swift; sourceTree = "<group>"; };
		85D306182C5AC966008CB1B6 /* ContentView.swift */ = {isa = PBXFileReference; lastKnownFileType = sourcecode.swift; path = ContentView.swift; sourceTree = "<group>"; };
		85D3061A2C5AC968008CB1B6 /* Assets.xcassets */ = {isa = PBXFileReference; lastKnownFileType = folder.assetcatalog; path = Assets.xcassets; sourceTree = "<group>"; };
		85D3061C2C5AC968008CB1B6 /* TCG Poke Swift.entitlements */ = {isa = PBXFileReference; lastKnownFileType = text.plist.entitlements; path = "TCG Poke Swift.entitlements"; sourceTree = "<group>"; };
		85D3061E2C5AC968008CB1B6 /* Preview Assets.xcassets */ = {isa = PBXFileReference; lastKnownFileType = folder.assetcatalog; path = "Preview Assets.xcassets"; sourceTree = "<group>"; };
		85D306412C5D8DEC008CB1B6 /* ViewModel.swift */ = {isa = PBXFileReference; lastKnownFileType = sourcecode.swift; path = ViewModel.swift; sourceTree = "<group>"; };
		85D9B1CB2C7E30DA000F856D /* mutation.graphql */ = {isa = PBXFileReference; lastKnownFileType = text; path = mutation.graphql; sourceTree = "<group>"; };
		85D9B1D62C8327CB000F856D /* AsyncCacheImage.swift */ = {isa = PBXFileReference; lastKnownFileType = sourcecode.swift; path = AsyncCacheImage.swift; sourceTree = "<group>"; };
/* End PBXFileReference section */

/* Begin PBXFrameworksBuildPhase section */
		85D306102C5AC966008CB1B6 /* Frameworks */ = {
			isa = PBXFrameworksBuildPhase;
			buildActionMask = 2147483647;
			files = (
				857F55692C83A18C00F52563 /* ApolloWebSocket in Frameworks */,
				85FE0BC72C877698002D4D26 /* ChatAPI in Frameworks */,
				855238BA2C7DFFF7009E26A4 /* ApolloAPI in Frameworks */,
				855238A52C7DF133009E26A4 /* Apollo in Frameworks */,
			);
			runOnlyForDeploymentPostprocessing = 0;
		};
/* End PBXFrameworksBuildPhase section */

/* Begin PBXGroup section */
		855238492C5FA064009E26A4 /* Models */ = {
			isa = PBXGroup;
			children = (
				8552389A2C7CA419009E26A4 /* CollectionValue.swift */,
				8552384C2C5FA0A5009E26A4 /* SetModels.swift */,
				8552384A2C5FA07E009E26A4 /* CardModels.swift */,
			);
			path = Models;
			sourceTree = "<group>";
		};
		8552384E2C5FA12E009E26A4 /* Controllers */ = {
			isa = PBXGroup;
			children = (
				85D306412C5D8DEC008CB1B6 /* ViewModel.swift */,
				857F556E2C84C1EC00F52563 /* ChatViewModel.swift */,
				857F55722C863DA100F52563 /* ChatsViewModel.swift */,
			);
			path = Controllers;
			sourceTree = "<group>";
		};
		8552384F2C5FA134009E26A4 /* Views */ = {
			isa = PBXGroup;
			children = (
				850F985E2C5DB15900CB7B2A /* SetView.swift */,
				855238582C5FA620009E26A4 /* SetsView.swift */,
				8552385A2C5FB04F009E26A4 /* SearchCardView.swift */,
				8552385F2C6E761A009E26A4 /* WishlistView.swift */,
				855238672C71181F009E26A4 /* CollectionView.swift */,
				855238A12C7DF01D009E26A4 /* ChatView.swift */,
				857F55702C863D9700F52563 /* ChatsView.swift */,
			);
			path = Views;
			sourceTree = "<group>";
		};
		8552385C2C6E75B9009E26A4 /* Repositories */ = {
			isa = PBXGroup;
			children = (
				8552389F2C7DEFEE009E26A4 /* CollectionRepository.swift */,
				8552389D2C7DEFBA009E26A4 /* WishlistRepository.swift */,
			);
			path = Repositories;
			sourceTree = "<group>";
		};
		855238612C70FDEB009E26A4 /* Storage */ = {
			isa = PBXGroup;
			children = (
				855238622C70FDF5009E26A4 /* Storage.swift */,
				855238762C7B52C0009E26A4 /* Cache.swift */,
			);
			path = Storage;
			sourceTree = "<group>";
		};
		855238642C71034C009E26A4 /* Utils */ = {
			isa = PBXGroup;
			children = (
				855238652C710355009E26A4 /* DataUtils.swift */,
				855238982C7CA3A6009E26A4 /* CollectionValueUtils.swift */,
				85D9B1D62C8327CB000F856D /* AsyncCacheImage.swift */,
			);
			path = Utils;
			sourceTree = "<group>";
		};
		855238782C7B85D7009E26A4 /* Fonts */ = {
			isa = PBXGroup;
			children = (
				855238882C7B8C9F009E26A4 /* VT323-Regular.ttf */,
				855238842C7B8C87009E26A4 /* SFProText-Regular.ttf */,
			);
			path = Fonts;
			sourceTree = "<group>";
		};
		855238932C7B977C009E26A4 /* Components */ = {
			isa = PBXGroup;
			children = (
				855238942C7B978D009E26A4 /* SingleCard.swift */,
				855238962C7CA331009E26A4 /* PriceRangeGrid.swift */,
			);
			path = Components;
			sourceTree = "<group>";
		};
		855238A62C7DF13B009E26A4 /* GraphQL */ = {
			isa = PBXGroup;
			children = (
				855238AD2C7DF20D009E26A4 /* query.graphql */,
				855238A72C7DF151009E26A4 /* schema.graphqls */,
				855238C72C7E0534009E26A4 /* Network.swift */,
				85D9B1CB2C7E30DA000F856D /* mutation.graphql */,
				857F556A2C83AA8800F52563 /* subscriptions.graphql */,
			);
			path = GraphQL;
			sourceTree = "<group>";
		};
		85D3060A2C5AC966008CB1B6 = {
			isa = PBXGroup;
			children = (
				855238A62C7DF13B009E26A4 /* GraphQL */,
				855238932C7B977C009E26A4 /* Components */,
				855238782C7B85D7009E26A4 /* Fonts */,
				855238642C71034C009E26A4 /* Utils */,
				855238612C70FDEB009E26A4 /* Storage */,
				8552385C2C6E75B9009E26A4 /* Repositories */,
				8552384F2C5FA134009E26A4 /* Views */,
				8552384E2C5FA12E009E26A4 /* Controllers */,
				855238492C5FA064009E26A4 /* Models */,
				85D306152C5AC966008CB1B6 /* TCG Poke Swift */,
				85D306142C5AC966008CB1B6 /* Products */,
				85D9B1D12C7E34F2000F856D /* Frameworks */,
			);
			sourceTree = "<group>";
		};
		85D306142C5AC966008CB1B6 /* Products */ = {
			isa = PBXGroup;
			children = (
				85D306132C5AC966008CB1B6 /* TCG Poke Swift.app */,
			);
			name = Products;
			sourceTree = "<group>";
		};
		85D306152C5AC966008CB1B6 /* TCG Poke Swift */ = {
			isa = PBXGroup;
			children = (
				8552386B2C7B3CC1009E26A4 /* Info.plist */,
				850F985C2C5D9D1900CB7B2A /* URLImage.swift */,
				85D306162C5AC966008CB1B6 /* TCG_Poke.swift */,
				85D306182C5AC966008CB1B6 /* ContentView.swift */,
				85D3061A2C5AC968008CB1B6 /* Assets.xcassets */,
				85D3061C2C5AC968008CB1B6 /* TCG Poke Swift.entitlements */,
				85D3061D2C5AC968008CB1B6 /* Preview Content */,
			);
			path = "TCG Poke Swift";
			sourceTree = "<group>";
		};
		85D3061D2C5AC968008CB1B6 /* Preview Content */ = {
			isa = PBXGroup;
			children = (
				85D3061E2C5AC968008CB1B6 /* Preview Assets.xcassets */,
			);
			path = "Preview Content";
			sourceTree = "<group>";
		};
		85D9B1D12C7E34F2000F856D /* Frameworks */ = {
			isa = PBXGroup;
			children = (
			);
			name = Frameworks;
			sourceTree = "<group>";
		};
/* End PBXGroup section */

/* Begin PBXNativeTarget section */
		85D306122C5AC966008CB1B6 /* TCG Poke Swift */ = {
			isa = PBXNativeTarget;
			buildConfigurationList = 85D306382C5AC968008CB1B6 /* Build configuration list for PBXNativeTarget "TCG Poke Swift" */;
			buildPhases = (
				85D3060F2C5AC966008CB1B6 /* Sources */,
				85D306102C5AC966008CB1B6 /* Frameworks */,
				85D306112C5AC966008CB1B6 /* Resources */,
			);
			buildRules = (
			);
			dependencies = (
			);
			name = "TCG Poke Swift";
			packageProductDependencies = (
				855238A42C7DF133009E26A4 /* Apollo */,
				855238B92C7DFFF7009E26A4 /* ApolloAPI */,
				857F55682C83A18C00F52563 /* ApolloWebSocket */,
				85FE0BC62C877698002D4D26 /* ChatAPI */,
			);
			productName = GymUI;
			productReference = 85D306132C5AC966008CB1B6 /* TCG Poke Swift.app */;
			productType = "com.apple.product-type.application";
		};
/* End PBXNativeTarget section */

/* Begin PBXProject section */
		85D3060B2C5AC966008CB1B6 /* Project object */ = {
			isa = PBXProject;
			attributes = {
				BuildIndependentTargetsInParallel = 1;
				LastSwiftUpdateCheck = 1540;
				LastUpgradeCheck = 1540;
				TargetAttributes = {
					85D306122C5AC966008CB1B6 = {
						CreatedOnToolsVersion = 15.4;
					};
				};
			};
			buildConfigurationList = 85D3060E2C5AC966008CB1B6 /* Build configuration list for PBXProject "TCG Poke Swift" */;
			compatibilityVersion = "Xcode 14.0";
			developmentRegion = en;
			hasScannedForEncodings = 0;
			knownRegions = (
				en,
				Base,
			);
			mainGroup = 85D3060A2C5AC966008CB1B6;
			packageReferences = (
				855238A32C7DF133009E26A4 /* XCRemoteSwiftPackageReference "apollo-ios" */,
				855238C42C7E04F3009E26A4 /* XCLocalSwiftPackageReference "ChatAPI" */,
			);
			productRefGroup = 85D306142C5AC966008CB1B6 /* Products */;
			projectDirPath = "";
			projectRoot = "";
			targets = (
				85D306122C5AC966008CB1B6 /* TCG Poke Swift */,
			);
		};
/* End PBXProject section */

/* Begin PBXResourcesBuildPhase section */
		85D306112C5AC966008CB1B6 /* Resources */ = {
			isa = PBXResourcesBuildPhase;
			buildActionMask = 2147483647;
			files = (
				855238AE2C7DF20D009E26A4 /* query.graphql in Resources */,
				85D3061F2C5AC968008CB1B6 /* Preview Assets.xcassets in Resources */,
				857F556B2C83AA8800F52563 /* subscriptions.graphql in Resources */,
				855238A82C7DF151009E26A4 /* schema.graphqls in Resources */,
				855238852C7B8C87009E26A4 /* SFProText-Regular.ttf in Resources */,
				855238892C7B8C9F009E26A4 /* VT323-Regular.ttf in Resources */,
				85D3061B2C5AC968008CB1B6 /* Assets.xcassets in Resources */,
				85D9B1CC2C7E30DA000F856D /* mutation.graphql in Resources */,
			);
			runOnlyForDeploymentPostprocessing = 0;
		};
/* End PBXResourcesBuildPhase section */

/* Begin PBXSourcesBuildPhase section */
		85D3060F2C5AC966008CB1B6 /* Sources */ = {
			isa = PBXSourcesBuildPhase;
			buildActionMask = 2147483647;
			files = (
				855238602C6E761A009E26A4 /* WishlistView.swift in Sources */,
				855238A02C7DEFEE009E26A4 /* CollectionRepository.swift in Sources */,
				855238632C70FDF5009E26A4 /* Storage.swift in Sources */,
				8552389E2C7DEFBA009E26A4 /* WishlistRepository.swift in Sources */,
				855238A22C7DF01D009E26A4 /* ChatView.swift in Sources */,
				85D306192C5AC966008CB1B6 /* ContentView.swift in Sources */,
				855238992C7CA3A6009E26A4 /* CollectionValueUtils.swift in Sources */,
				855238772C7B52C0009E26A4 /* Cache.swift in Sources */,
				855238592C5FA620009E26A4 /* SetsView.swift in Sources */,
				855238682C71181F009E26A4 /* CollectionView.swift in Sources */,
				857F556F2C84C1EC00F52563 /* ChatViewModel.swift in Sources */,
				855238972C7CA331009E26A4 /* PriceRangeGrid.swift in Sources */,
				8552385B2C5FB04F009E26A4 /* SearchCardView.swift in Sources */,
				855238662C710355009E26A4 /* DataUtils.swift in Sources */,
				85D9B1D72C8327CB000F856D /* AsyncCacheImage.swift in Sources */,
				8552384D2C5FA0A5009E26A4 /* SetModels.swift in Sources */,
				857F55732C863DA100F52563 /* ChatsViewModel.swift in Sources */,
				855238952C7B978D009E26A4 /* SingleCard.swift in Sources */,
				8552384B2C5FA07E009E26A4 /* CardModels.swift in Sources */,
				8552389B2C7CA419009E26A4 /* CollectionValue.swift in Sources */,
				85D306422C5D8DEC008CB1B6 /* ViewModel.swift in Sources */,
				85D306172C5AC966008CB1B6 /* TCG_Poke.swift in Sources */,
				850F985F2C5DB15900CB7B2A /* SetView.swift in Sources */,
				857F55712C863D9700F52563 /* ChatsView.swift in Sources */,
				850F985D2C5D9D1900CB7B2A /* URLImage.swift in Sources */,
				855238C82C7E0534009E26A4 /* Network.swift in Sources */,
			);
			runOnlyForDeploymentPostprocessing = 0;
		};
/* End PBXSourcesBuildPhase section */

/* Begin XCBuildConfiguration section */
		85D306362C5AC968008CB1B6 /* Debug */ = {
			isa = XCBuildConfiguration;
			buildSettings = {
				ALWAYS_SEARCH_USER_PATHS = NO;
				ASSETCATALOG_COMPILER_GENERATE_SWIFT_ASSET_SYMBOL_EXTENSIONS = YES;
				CLANG_ANALYZER_NONNULL = YES;
				CLANG_ANALYZER_NUMBER_OBJECT_CONVERSION = YES_AGGRESSIVE;
				CLANG_CXX_LANGUAGE_STANDARD = "gnu++20";
				CLANG_ENABLE_MODULES = YES;
				CLANG_ENABLE_OBJC_ARC = YES;
				CLANG_ENABLE_OBJC_WEAK = YES;
				CLANG_WARN_BLOCK_CAPTURE_AUTORELEASING = YES;
				CLANG_WARN_BOOL_CONVERSION = YES;
				CLANG_WARN_COMMA = YES;
				CLANG_WARN_CONSTANT_CONVERSION = YES;
				CLANG_WARN_DEPRECATED_OBJC_IMPLEMENTATIONS = YES;
				CLANG_WARN_DIRECT_OBJC_ISA_USAGE = YES_ERROR;
				CLANG_WARN_DOCUMENTATION_COMMENTS = YES;
				CLANG_WARN_EMPTY_BODY = YES;
				CLANG_WARN_ENUM_CONVERSION = YES;
				CLANG_WARN_INFINITE_RECURSION = YES;
				CLANG_WARN_INT_CONVERSION = YES;
				CLANG_WARN_NON_LITERAL_NULL_CONVERSION = YES;
				CLANG_WARN_OBJC_IMPLICIT_RETAIN_SELF = YES;
				CLANG_WARN_OBJC_LITERAL_CONVERSION = YES;
				CLANG_WARN_OBJC_ROOT_CLASS = YES_ERROR;
				CLANG_WARN_QUOTED_INCLUDE_IN_FRAMEWORK_HEADER = YES;
				CLANG_WARN_RANGE_LOOP_ANALYSIS = YES;
				CLANG_WARN_STRICT_PROTOTYPES = YES;
				CLANG_WARN_SUSPICIOUS_MOVE = YES;
				CLANG_WARN_UNGUARDED_AVAILABILITY = YES_AGGRESSIVE;
				CLANG_WARN_UNREACHABLE_CODE = YES;
				CLANG_WARN__DUPLICATE_METHOD_MATCH = YES;
				COPY_PHASE_STRIP = NO;
				DEBUG_INFORMATION_FORMAT = dwarf;
				ENABLE_STRICT_OBJC_MSGSEND = YES;
				ENABLE_TESTABILITY = YES;
				ENABLE_USER_SCRIPT_SANDBOXING = YES;
				GCC_C_LANGUAGE_STANDARD = gnu17;
				GCC_DYNAMIC_NO_PIC = NO;
				GCC_NO_COMMON_BLOCKS = YES;
				GCC_OPTIMIZATION_LEVEL = 0;
				GCC_PREPROCESSOR_DEFINITIONS = (
					"DEBUG=1",
					"$(inherited)",
				);
				GCC_WARN_64_TO_32_BIT_CONVERSION = YES;
				GCC_WARN_ABOUT_RETURN_TYPE = YES_ERROR;
				GCC_WARN_UNDECLARED_SELECTOR = YES;
				GCC_WARN_UNINITIALIZED_AUTOS = YES_AGGRESSIVE;
				GCC_WARN_UNUSED_FUNCTION = YES;
				GCC_WARN_UNUSED_VARIABLE = YES;
				LOCALIZATION_PREFERS_STRING_CATALOGS = YES;
				MTL_ENABLE_DEBUG_INFO = INCLUDE_SOURCE;
				MTL_FAST_MATH = YES;
				ONLY_ACTIVE_ARCH = YES;
				SWIFT_ACTIVE_COMPILATION_CONDITIONS = "DEBUG $(inherited)";
				SWIFT_OPTIMIZATION_LEVEL = "-Onone";
			};
			name = Debug;
		};
		85D306372C5AC968008CB1B6 /* Release */ = {
			isa = XCBuildConfiguration;
			buildSettings = {
				ALWAYS_SEARCH_USER_PATHS = NO;
				ASSETCATALOG_COMPILER_GENERATE_SWIFT_ASSET_SYMBOL_EXTENSIONS = YES;
				CLANG_ANALYZER_NONNULL = YES;
				CLANG_ANALYZER_NUMBER_OBJECT_CONVERSION = YES_AGGRESSIVE;
				CLANG_CXX_LANGUAGE_STANDARD = "gnu++20";
				CLANG_ENABLE_MODULES = YES;
				CLANG_ENABLE_OBJC_ARC = YES;
				CLANG_ENABLE_OBJC_WEAK = YES;
				CLANG_WARN_BLOCK_CAPTURE_AUTORELEASING = YES;
				CLANG_WARN_BOOL_CONVERSION = YES;
				CLANG_WARN_COMMA = YES;
				CLANG_WARN_CONSTANT_CONVERSION = YES;
				CLANG_WARN_DEPRECATED_OBJC_IMPLEMENTATIONS = YES;
				CLANG_WARN_DIRECT_OBJC_ISA_USAGE = YES_ERROR;
				CLANG_WARN_DOCUMENTATION_COMMENTS = YES;
				CLANG_WARN_EMPTY_BODY = YES;
				CLANG_WARN_ENUM_CONVERSION = YES;
				CLANG_WARN_INFINITE_RECURSION = YES;
				CLANG_WARN_INT_CONVERSION = YES;
				CLANG_WARN_NON_LITERAL_NULL_CONVERSION = YES;
				CLANG_WARN_OBJC_IMPLICIT_RETAIN_SELF = YES;
				CLANG_WARN_OBJC_LITERAL_CONVERSION = YES;
				CLANG_WARN_OBJC_ROOT_CLASS = YES_ERROR;
				CLANG_WARN_QUOTED_INCLUDE_IN_FRAMEWORK_HEADER = YES;
				CLANG_WARN_RANGE_LOOP_ANALYSIS = YES;
				CLANG_WARN_STRICT_PROTOTYPES = YES;
				CLANG_WARN_SUSPICIOUS_MOVE = YES;
				CLANG_WARN_UNGUARDED_AVAILABILITY = YES_AGGRESSIVE;
				CLANG_WARN_UNREACHABLE_CODE = YES;
				CLANG_WARN__DUPLICATE_METHOD_MATCH = YES;
				COPY_PHASE_STRIP = NO;
				DEBUG_INFORMATION_FORMAT = "dwarf-with-dsym";
				ENABLE_NS_ASSERTIONS = NO;
				ENABLE_STRICT_OBJC_MSGSEND = YES;
				ENABLE_USER_SCRIPT_SANDBOXING = YES;
				GCC_C_LANGUAGE_STANDARD = gnu17;
				GCC_NO_COMMON_BLOCKS = YES;
				GCC_WARN_64_TO_32_BIT_CONVERSION = YES;
				GCC_WARN_ABOUT_RETURN_TYPE = YES_ERROR;
				GCC_WARN_UNDECLARED_SELECTOR = YES;
				GCC_WARN_UNINITIALIZED_AUTOS = YES_AGGRESSIVE;
				GCC_WARN_UNUSED_FUNCTION = YES;
				GCC_WARN_UNUSED_VARIABLE = YES;
				LOCALIZATION_PREFERS_STRING_CATALOGS = YES;
				MTL_ENABLE_DEBUG_INFO = NO;
				MTL_FAST_MATH = YES;
				SWIFT_COMPILATION_MODE = wholemodule;
			};
			name = Release;
		};
		85D306392C5AC968008CB1B6 /* Debug */ = {
			isa = XCBuildConfiguration;
			buildSettings = {
				ASSETCATALOG_COMPILER_APPICON_NAME = AppIcon;
				ASSETCATALOG_COMPILER_GLOBAL_ACCENT_COLOR_NAME = AccentColor;
				CODE_SIGN_ENTITLEMENTS = "TCG Poke Swift/TCG Poke Swift.entitlements";
				CODE_SIGN_STYLE = Automatic;
				CURRENT_PROJECT_VERSION = 1;
				DEVELOPMENT_ASSET_PATHS = "TCG\\ Poke\\ Swift/Info.plist";
				ENABLE_PREVIEWS = YES;
				GENERATE_INFOPLIST_FILE = YES;
				INFOPLIST_FILE = "TCG Poke Swift/Info.plist";
				"INFOPLIST_KEY_UIApplicationSceneManifest_Generation[sdk=iphoneos*]" = YES;
				"INFOPLIST_KEY_UIApplicationSceneManifest_Generation[sdk=iphonesimulator*]" = YES;
				"INFOPLIST_KEY_UIApplicationSupportsIndirectInputEvents[sdk=iphoneos*]" = YES;
				"INFOPLIST_KEY_UIApplicationSupportsIndirectInputEvents[sdk=iphonesimulator*]" = YES;
				"INFOPLIST_KEY_UILaunchScreen_Generation[sdk=iphoneos*]" = YES;
				"INFOPLIST_KEY_UILaunchScreen_Generation[sdk=iphonesimulator*]" = YES;
				"INFOPLIST_KEY_UIStatusBarStyle[sdk=iphoneos*]" = UIStatusBarStyleDefault;
				"INFOPLIST_KEY_UIStatusBarStyle[sdk=iphonesimulator*]" = UIStatusBarStyleDefault;
				INFOPLIST_KEY_UISupportedInterfaceOrientations_iPad = "UIInterfaceOrientationPortrait UIInterfaceOrientationPortraitUpsideDown UIInterfaceOrientationLandscapeLeft UIInterfaceOrientationLandscapeRight";
				INFOPLIST_KEY_UISupportedInterfaceOrientations_iPhone = "UIInterfaceOrientationPortrait UIInterfaceOrientationLandscapeLeft UIInterfaceOrientationLandscapeRight";
				IPHONEOS_DEPLOYMENT_TARGET = 17.5;
				LD_RUNPATH_SEARCH_PATHS = "@executable_path/Frameworks";
				"LD_RUNPATH_SEARCH_PATHS[sdk=macosx*]" = "@executable_path/../Frameworks";
				MACOSX_DEPLOYMENT_TARGET = 14.5;
				MARKETING_VERSION = 1.0;
				PRODUCT_BUNDLE_IDENTIFIER = Swift1.GymUI;
				PRODUCT_NAME = "$(TARGET_NAME)";
				SDKROOT = auto;
				SUPPORTED_PLATFORMS = "iphoneos iphonesimulator macosx";
				SWIFT_EMIT_LOC_STRINGS = YES;
				SWIFT_VERSION = 5.0;
				TARGETED_DEVICE_FAMILY = "1,2";
			};
			name = Debug;
		};
		85D3063A2C5AC968008CB1B6 /* Release */ = {
			isa = XCBuildConfiguration;
			buildSettings = {
				ASSETCATALOG_COMPILER_APPICON_NAME = AppIcon;
				ASSETCATALOG_COMPILER_GLOBAL_ACCENT_COLOR_NAME = AccentColor;
				CODE_SIGN_ENTITLEMENTS = "TCG Poke Swift/TCG Poke Swift.entitlements";
				CODE_SIGN_STYLE = Automatic;
				CURRENT_PROJECT_VERSION = 1;
				DEVELOPMENT_ASSET_PATHS = "TCG\\ Poke\\ Swift/Info.plist";
				ENABLE_PREVIEWS = YES;
				GENERATE_INFOPLIST_FILE = YES;
				INFOPLIST_FILE = "TCG Poke Swift/Info.plist";
				"INFOPLIST_KEY_UIApplicationSceneManifest_Generation[sdk=iphoneos*]" = YES;
				"INFOPLIST_KEY_UIApplicationSceneManifest_Generation[sdk=iphonesimulator*]" = YES;
				"INFOPLIST_KEY_UIApplicationSupportsIndirectInputEvents[sdk=iphoneos*]" = YES;
				"INFOPLIST_KEY_UIApplicationSupportsIndirectInputEvents[sdk=iphonesimulator*]" = YES;
				"INFOPLIST_KEY_UILaunchScreen_Generation[sdk=iphoneos*]" = YES;
				"INFOPLIST_KEY_UILaunchScreen_Generation[sdk=iphonesimulator*]" = YES;
				"INFOPLIST_KEY_UIStatusBarStyle[sdk=iphoneos*]" = UIStatusBarStyleDefault;
				"INFOPLIST_KEY_UIStatusBarStyle[sdk=iphonesimulator*]" = UIStatusBarStyleDefault;
				INFOPLIST_KEY_UISupportedInterfaceOrientations_iPad = "UIInterfaceOrientationPortrait UIInterfaceOrientationPortraitUpsideDown UIInterfaceOrientationLandscapeLeft UIInterfaceOrientationLandscapeRight";
				INFOPLIST_KEY_UISupportedInterfaceOrientations_iPhone = "UIInterfaceOrientationPortrait UIInterfaceOrientationLandscapeLeft UIInterfaceOrientationLandscapeRight";
				IPHONEOS_DEPLOYMENT_TARGET = 17.5;
				LD_RUNPATH_SEARCH_PATHS = "@executable_path/Frameworks";
				"LD_RUNPATH_SEARCH_PATHS[sdk=macosx*]" = "@executable_path/../Frameworks";
				MACOSX_DEPLOYMENT_TARGET = 14.5;
				MARKETING_VERSION = 1.0;
				PRODUCT_BUNDLE_IDENTIFIER = Swift1.GymUI;
				PRODUCT_NAME = "$(TARGET_NAME)";
				SDKROOT = auto;
				SUPPORTED_PLATFORMS = "iphoneos iphonesimulator macosx";
				SWIFT_EMIT_LOC_STRINGS = YES;
				SWIFT_VERSION = 5.0;
				TARGETED_DEVICE_FAMILY = "1,2";
			};
			name = Release;
		};
/* End XCBuildConfiguration section */

/* Begin XCConfigurationList section */
		85D3060E2C5AC966008CB1B6 /* Build configuration list for PBXProject "TCG Poke Swift" */ = {
			isa = XCConfigurationList;
			buildConfigurations = (
				85D306362C5AC968008CB1B6 /* Debug */,
				85D306372C5AC968008CB1B6 /* Release */,
			);
			defaultConfigurationIsVisible = 0;
			defaultConfigurationName = Release;
		};
		85D306382C5AC968008CB1B6 /* Build configuration list for PBXNativeTarget "TCG Poke Swift" */ = {
			isa = XCConfigurationList;
			buildConfigurations = (
				85D306392C5AC968008CB1B6 /* Debug */,
				85D3063A2C5AC968008CB1B6 /* Release */,
			);
			defaultConfigurationIsVisible = 0;
			defaultConfigurationName = Release;
		};
/* End XCConfigurationList section */

/* Begin XCLocalSwiftPackageReference section */
		855238C42C7E04F3009E26A4 /* XCLocalSwiftPackageReference "ChatAPI" */ = {
			isa = XCLocalSwiftPackageReference;
			relativePath = ChatAPI;
		};
/* End XCLocalSwiftPackageReference section */

/* Begin XCRemoteSwiftPackageReference section */
		855238A32C7DF133009E26A4 /* XCRemoteSwiftPackageReference "apollo-ios" */ = {
			isa = XCRemoteSwiftPackageReference;
			repositoryURL = "https://github.com/apollographql/apollo-ios.git";
			requirement = {
				kind = upToNextMajorVersion;
				minimumVersion = 1.15.1;
			};
		};
/* End XCRemoteSwiftPackageReference section */

/* Begin XCSwiftPackageProductDependency section */
		855238A42C7DF133009E26A4 /* Apollo */ = {
			isa = XCSwiftPackageProductDependency;
			package = 855238A32C7DF133009E26A4 /* XCRemoteSwiftPackageReference "apollo-ios" */;
			productName = Apollo;
		};
		855238B92C7DFFF7009E26A4 /* ApolloAPI */ = {
			isa = XCSwiftPackageProductDependency;
			package = 855238A32C7DF133009E26A4 /* XCRemoteSwiftPackageReference "apollo-ios" */;
			productName = ApolloAPI;
		};
		857F55682C83A18C00F52563 /* ApolloWebSocket */ = {
			isa = XCSwiftPackageProductDependency;
			package = 855238A32C7DF133009E26A4 /* XCRemoteSwiftPackageReference "apollo-ios" */;
			productName = ApolloWebSocket;
		};
		85FE0BC62C877698002D4D26 /* ChatAPI */ = {
			isa = XCSwiftPackageProductDependency;
			productName = ChatAPI;
		};
/* End XCSwiftPackageProductDependency section */
	};
	rootObject = 85D3060B2C5AC966008CB1B6 /* Project object */;
}
