// !$*UTF8*$!
{
	archiveVersion = 1;
	classes = {
	};
	objectVersion = 56;
	objects = {

/* Begin PBXBuildFile section */
		850F985D2C5D9D1900CB7B2A /* URLImage.swift in Sources */ = {isa = PBXBuildFile; fileRef = 850F985C2C5D9D1900CB7B2A /* URLImage.swift */; };
		850F985F2C5DB15900CB7B2A /* SetView.swift in Sources */ = {isa = PBXBuildFile; fileRef = 850F985E2C5DB15900CB7B2A /* SetView.swift */; };
		8552384B2C5FA07E009E26A4 /* CardModels.swift in Sources */ = {isa = PBXBuildFile; fileRef = 8552384A2C5FA07E009E26A4 /* CardModels.swift */; };
		8552384D2C5FA0A5009E26A4 /* SetModels.swift in Sources */ = {isa = PBXBuildFile; fileRef = 8552384C2C5FA0A5009E26A4 /* SetModels.swift */; };
		855238512C5FA155009E26A4 /* CardViewModel.swift in Sources */ = {isa = PBXBuildFile; fileRef = 855238502C5FA155009E26A4 /* CardViewModel.swift */; };
		855238532C5FA177009E26A4 /* CardView.swift in Sources */ = {isa = PBXBuildFile; fileRef = 855238522C5FA177009E26A4 /* CardView.swift */; };
		855238592C5FA620009E26A4 /* SetsView.swift in Sources */ = {isa = PBXBuildFile; fileRef = 855238582C5FA620009E26A4 /* SetsView.swift */; };
		8552385B2C5FB04F009E26A4 /* SearchCardView.swift in Sources */ = {isa = PBXBuildFile; fileRef = 8552385A2C5FB04F009E26A4 /* SearchCardView.swift */; };
		8552385E2C6E75CC009E26A4 /* WishlistRepository.swift in Sources */ = {isa = PBXBuildFile; fileRef = 8552385D2C6E75CC009E26A4 /* WishlistRepository.swift */; };
		855238602C6E761A009E26A4 /* WishlistView.swift in Sources */ = {isa = PBXBuildFile; fileRef = 8552385F2C6E761A009E26A4 /* WishlistView.swift */; };
		855238632C70FDF5009E26A4 /* Storage.swift in Sources */ = {isa = PBXBuildFile; fileRef = 855238622C70FDF5009E26A4 /* Storage.swift */; };
		855238662C710355009E26A4 /* DataUtils.swift in Sources */ = {isa = PBXBuildFile; fileRef = 855238652C710355009E26A4 /* DataUtils.swift */; };
		855238682C71181F009E26A4 /* CollectionView.swift in Sources */ = {isa = PBXBuildFile; fileRef = 855238672C71181F009E26A4 /* CollectionView.swift */; };
		8552386A2C711877009E26A4 /* CollectionRepository.swift in Sources */ = {isa = PBXBuildFile; fileRef = 855238692C711877009E26A4 /* CollectionRepository.swift */; };
		8552386F2C7B5167009E26A4 /* CollectionRepository.swift in Sources */ = {isa = PBXBuildFile; fileRef = 8552386C2C7B5167009E26A4 /* CollectionRepository.swift */; };
		855238702C7B5167009E26A4 /* WishlistRepository.swift in Sources */ = {isa = PBXBuildFile; fileRef = 8552386D2C7B5167009E26A4 /* WishlistRepository.swift */; };
		855238742C7B5170009E26A4 /* CollectionRepository.swift in Sources */ = {isa = PBXBuildFile; fileRef = 855238712C7B5170009E26A4 /* CollectionRepository.swift */; };
		855238752C7B5171009E26A4 /* WishlistRepository.swift in Sources */ = {isa = PBXBuildFile; fileRef = 855238722C7B5170009E26A4 /* WishlistRepository.swift */; };
		855238772C7B52C0009E26A4 /* Cache.swift in Sources */ = {isa = PBXBuildFile; fileRef = 855238762C7B52C0009E26A4 /* Cache.swift */; };
		85D306172C5AC966008CB1B6 /* GymUIApp.swift in Sources */ = {isa = PBXBuildFile; fileRef = 85D306162C5AC966008CB1B6 /* GymUIApp.swift */; };
		85D306192C5AC966008CB1B6 /* ContentView.swift in Sources */ = {isa = PBXBuildFile; fileRef = 85D306182C5AC966008CB1B6 /* ContentView.swift */; };
		85D3061B2C5AC968008CB1B6 /* Assets.xcassets in Resources */ = {isa = PBXBuildFile; fileRef = 85D3061A2C5AC968008CB1B6 /* Assets.xcassets */; };
		85D3061F2C5AC968008CB1B6 /* Preview Assets.xcassets in Resources */ = {isa = PBXBuildFile; fileRef = 85D3061E2C5AC968008CB1B6 /* Preview Assets.xcassets */; };
		85D306422C5D8DEC008CB1B6 /* ViewModel.swift in Sources */ = {isa = PBXBuildFile; fileRef = 85D306412C5D8DEC008CB1B6 /* ViewModel.swift */; };
/* End PBXBuildFile section */

/* Begin PBXContainerItemProxy section */
		85D306252C5AC968008CB1B6 /* PBXContainerItemProxy */ = {
			isa = PBXContainerItemProxy;
			containerPortal = 85D3060B2C5AC966008CB1B6 /* Project object */;
			proxyType = 1;
			remoteGlobalIDString = 85D306122C5AC966008CB1B6;
			remoteInfo = GymUI;
		};
		85D3062F2C5AC968008CB1B6 /* PBXContainerItemProxy */ = {
			isa = PBXContainerItemProxy;
			containerPortal = 85D3060B2C5AC966008CB1B6 /* Project object */;
			proxyType = 1;
			remoteGlobalIDString = 85D306122C5AC966008CB1B6;
			remoteInfo = GymUI;
		};
/* End PBXContainerItemProxy section */

/* Begin PBXFileReference section */
		850F985C2C5D9D1900CB7B2A /* URLImage.swift */ = {isa = PBXFileReference; lastKnownFileType = sourcecode.swift; path = URLImage.swift; sourceTree = "<group>"; };
		850F985E2C5DB15900CB7B2A /* SetView.swift */ = {isa = PBXFileReference; lastKnownFileType = sourcecode.swift; path = SetView.swift; sourceTree = "<group>"; };
		8552384A2C5FA07E009E26A4 /* CardModels.swift */ = {isa = PBXFileReference; lastKnownFileType = sourcecode.swift; path = CardModels.swift; sourceTree = "<group>"; };
		8552384C2C5FA0A5009E26A4 /* SetModels.swift */ = {isa = PBXFileReference; lastKnownFileType = sourcecode.swift; path = SetModels.swift; sourceTree = "<group>"; };
		855238502C5FA155009E26A4 /* CardViewModel.swift */ = {isa = PBXFileReference; lastKnownFileType = sourcecode.swift; path = CardViewModel.swift; sourceTree = "<group>"; };
		855238522C5FA177009E26A4 /* CardView.swift */ = {isa = PBXFileReference; lastKnownFileType = sourcecode.swift; path = CardView.swift; sourceTree = "<group>"; };
		855238582C5FA620009E26A4 /* SetsView.swift */ = {isa = PBXFileReference; lastKnownFileType = sourcecode.swift; path = SetsView.swift; sourceTree = "<group>"; };
		8552385A2C5FB04F009E26A4 /* SearchCardView.swift */ = {isa = PBXFileReference; lastKnownFileType = sourcecode.swift; path = SearchCardView.swift; sourceTree = "<group>"; };
		8552385D2C6E75CC009E26A4 /* WishlistRepository.swift */ = {isa = PBXFileReference; lastKnownFileType = sourcecode.swift; path = WishlistRepository.swift; sourceTree = "<group>"; };
		8552385F2C6E761A009E26A4 /* WishlistView.swift */ = {isa = PBXFileReference; lastKnownFileType = sourcecode.swift; path = WishlistView.swift; sourceTree = "<group>"; };
		855238622C70FDF5009E26A4 /* Storage.swift */ = {isa = PBXFileReference; lastKnownFileType = sourcecode.swift; path = Storage.swift; sourceTree = "<group>"; };
		855238652C710355009E26A4 /* DataUtils.swift */ = {isa = PBXFileReference; lastKnownFileType = sourcecode.swift; path = DataUtils.swift; sourceTree = "<group>"; };
		855238672C71181F009E26A4 /* CollectionView.swift */ = {isa = PBXFileReference; lastKnownFileType = sourcecode.swift; path = CollectionView.swift; sourceTree = "<group>"; };
		855238692C711877009E26A4 /* CollectionRepository.swift */ = {isa = PBXFileReference; lastKnownFileType = sourcecode.swift; path = CollectionRepository.swift; sourceTree = "<group>"; };
		8552386B2C7B3CC1009E26A4 /* Info.plist */ = {isa = PBXFileReference; lastKnownFileType = text.plist; path = Info.plist; sourceTree = "<group>"; };
		8552386C2C7B5167009E26A4 /* CollectionRepository.swift */ = {isa = PBXFileReference; fileEncoding = 4; lastKnownFileType = sourcecode.swift; path = CollectionRepository.swift; sourceTree = "<group>"; };
		8552386D2C7B5167009E26A4 /* WishlistRepository.swift */ = {isa = PBXFileReference; fileEncoding = 4; lastKnownFileType = sourcecode.swift; path = WishlistRepository.swift; sourceTree = "<group>"; };
		855238712C7B5170009E26A4 /* CollectionRepository.swift */ = {isa = PBXFileReference; fileEncoding = 4; lastKnownFileType = sourcecode.swift; path = CollectionRepository.swift; sourceTree = "<group>"; };
		855238722C7B5170009E26A4 /* WishlistRepository.swift */ = {isa = PBXFileReference; fileEncoding = 4; lastKnownFileType = sourcecode.swift; path = WishlistRepository.swift; sourceTree = "<group>"; };
		855238762C7B52C0009E26A4 /* Cache.swift */ = {isa = PBXFileReference; lastKnownFileType = sourcecode.swift; path = Cache.swift; sourceTree = "<group>"; };
		85D306132C5AC966008CB1B6 /* GymUI.app */ = {isa = PBXFileReference; explicitFileType = wrapper.application; includeInIndex = 0; path = GymUI.app; sourceTree = BUILT_PRODUCTS_DIR; };
		85D306162C5AC966008CB1B6 /* GymUIApp.swift */ = {isa = PBXFileReference; lastKnownFileType = sourcecode.swift; path = GymUIApp.swift; sourceTree = "<group>"; };
		85D306182C5AC966008CB1B6 /* ContentView.swift */ = {isa = PBXFileReference; lastKnownFileType = sourcecode.swift; path = ContentView.swift; sourceTree = "<group>"; };
		85D3061A2C5AC968008CB1B6 /* Assets.xcassets */ = {isa = PBXFileReference; lastKnownFileType = folder.assetcatalog; path = Assets.xcassets; sourceTree = "<group>"; };
		85D3061C2C5AC968008CB1B6 /* GymUI.entitlements */ = {isa = PBXFileReference; lastKnownFileType = text.plist.entitlements; path = GymUI.entitlements; sourceTree = "<group>"; };
		85D3061E2C5AC968008CB1B6 /* Preview Assets.xcassets */ = {isa = PBXFileReference; lastKnownFileType = folder.assetcatalog; path = "Preview Assets.xcassets"; sourceTree = "<group>"; };
		85D306242C5AC968008CB1B6 /* GymUITests.xctest */ = {isa = PBXFileReference; explicitFileType = wrapper.cfbundle; includeInIndex = 0; path = GymUITests.xctest; sourceTree = BUILT_PRODUCTS_DIR; };
		85D3062E2C5AC968008CB1B6 /* GymUIUITests.xctest */ = {isa = PBXFileReference; explicitFileType = wrapper.cfbundle; includeInIndex = 0; path = GymUIUITests.xctest; sourceTree = BUILT_PRODUCTS_DIR; };
		85D306412C5D8DEC008CB1B6 /* ViewModel.swift */ = {isa = PBXFileReference; lastKnownFileType = sourcecode.swift; path = ViewModel.swift; sourceTree = "<group>"; };
/* End PBXFileReference section */

/* Begin PBXFrameworksBuildPhase section */
		85D306102C5AC966008CB1B6 /* Frameworks */ = {
			isa = PBXFrameworksBuildPhase;
			buildActionMask = 2147483647;
			files = (
			);
			runOnlyForDeploymentPostprocessing = 0;
		};
		85D306212C5AC968008CB1B6 /* Frameworks */ = {
			isa = PBXFrameworksBuildPhase;
			buildActionMask = 2147483647;
			files = (
			);
			runOnlyForDeploymentPostprocessing = 0;
		};
		85D3062B2C5AC968008CB1B6 /* Frameworks */ = {
			isa = PBXFrameworksBuildPhase;
			buildActionMask = 2147483647;
			files = (
			);
			runOnlyForDeploymentPostprocessing = 0;
		};
/* End PBXFrameworksBuildPhase section */

/* Begin PBXGroup section */
		855238492C5FA064009E26A4 /* Models */ = {
			isa = PBXGroup;
			children = (
				8552384C2C5FA0A5009E26A4 /* SetModels.swift */,
				8552384A2C5FA07E009E26A4 /* CardModels.swift */,
				855238502C5FA155009E26A4 /* CardViewModel.swift */,
			);
			path = Models;
			sourceTree = "<group>";
		};
		8552384E2C5FA12E009E26A4 /* Controllers */ = {
			isa = PBXGroup;
			children = (
				85D306412C5D8DEC008CB1B6 /* ViewModel.swift */,
			);
			path = Controllers;
			sourceTree = "<group>";
		};
		8552384F2C5FA134009E26A4 /* Views */ = {
			isa = PBXGroup;
			children = (
				850F985E2C5DB15900CB7B2A /* SetView.swift */,
				855238582C5FA620009E26A4 /* SetsView.swift */,
				855238522C5FA177009E26A4 /* CardView.swift */,
				8552385A2C5FB04F009E26A4 /* SearchCardView.swift */,
				8552385F2C6E761A009E26A4 /* WishlistView.swift */,
				855238672C71181F009E26A4 /* CollectionView.swift */,
			);
			path = Views;
			sourceTree = "<group>";
		};
		8552385C2C6E75B9009E26A4 /* Repositories */ = {
			isa = PBXGroup;
			children = (
				8552386E2C7B5167009E26A4 /* Repositories */,
				855238732C7B5170009E26A4 /* Repositories */,
				8552385D2C6E75CC009E26A4 /* WishlistRepository.swift */,
				855238692C711877009E26A4 /* CollectionRepository.swift */,
			);
			path = Repositories;
			sourceTree = "<group>";
		};
		855238612C70FDEB009E26A4 /* Storage */ = {
			isa = PBXGroup;
			children = (
				855238622C70FDF5009E26A4 /* Storage.swift */,
				855238762C7B52C0009E26A4 /* Cache.swift */,
			);
			path = Storage;
			sourceTree = "<group>";
		};
		855238642C71034C009E26A4 /* Utils */ = {
			isa = PBXGroup;
			children = (
				855238652C710355009E26A4 /* DataUtils.swift */,
			);
			path = Utils;
			sourceTree = "<group>";
		};
		8552386E2C7B5167009E26A4 /* Repositories */ = {
			isa = PBXGroup;
			children = (
				8552386C2C7B5167009E26A4 /* CollectionRepository.swift */,
				8552386D2C7B5167009E26A4 /* WishlistRepository.swift */,
			);
			name = Repositories;
			sourceTree = "<group>";
		};
		855238732C7B5170009E26A4 /* Repositories */ = {
			isa = PBXGroup;
			children = (
				855238712C7B5170009E26A4 /* CollectionRepository.swift */,
				855238722C7B5170009E26A4 /* WishlistRepository.swift */,
			);
			name = Repositories;
			sourceTree = "<group>";
		};
		85D3060A2C5AC966008CB1B6 = {
			isa = PBXGroup;
			children = (
				855238642C71034C009E26A4 /* Utils */,
				855238612C70FDEB009E26A4 /* Storage */,
				8552385C2C6E75B9009E26A4 /* Repositories */,
				8552384F2C5FA134009E26A4 /* Views */,
				8552384E2C5FA12E009E26A4 /* Controllers */,
				855238492C5FA064009E26A4 /* Models */,
				85D306152C5AC966008CB1B6 /* GymUI */,
				85D306142C5AC966008CB1B6 /* Products */,
			);
			sourceTree = "<group>";
		};
		85D306142C5AC966008CB1B6 /* Products */ = {
			isa = PBXGroup;
			children = (
				85D306132C5AC966008CB1B6 /* GymUI.app */,
				85D306242C5AC968008CB1B6 /* GymUITests.xctest */,
				85D3062E2C5AC968008CB1B6 /* GymUIUITests.xctest */,
			);
			name = Products;
			sourceTree = "<group>";
		};
		85D306152C5AC966008CB1B6 /* GymUI */ = {
			isa = PBXGroup;
			children = (
				8552386B2C7B3CC1009E26A4 /* Info.plist */,
				850F985C2C5D9D1900CB7B2A /* URLImage.swift */,
				85D306162C5AC966008CB1B6 /* GymUIApp.swift */,
				85D306182C5AC966008CB1B6 /* ContentView.swift */,
				85D3061A2C5AC968008CB1B6 /* Assets.xcassets */,
				85D3061C2C5AC968008CB1B6 /* GymUI.entitlements */,
				85D3061D2C5AC968008CB1B6 /* Preview Content */,
			);
			path = GymUI;
			sourceTree = "<group>";
		};
		85D3061D2C5AC968008CB1B6 /* Preview Content */ = {
			isa = PBXGroup;
			children = (
				85D3061E2C5AC968008CB1B6 /* Preview Assets.xcassets */,
			);
			path = "Preview Content";
			sourceTree = "<group>";
		};
/* End PBXGroup section */

/* Begin PBXNativeTarget section */
		85D306122C5AC966008CB1B6 /* GymUI */ = {
			isa = PBXNativeTarget;
			buildConfigurationList = 85D306382C5AC968008CB1B6 /* Build configuration list for PBXNativeTarget "GymUI" */;
			buildPhases = (
				85D3060F2C5AC966008CB1B6 /* Sources */,
				85D306102C5AC966008CB1B6 /* Frameworks */,
				85D306112C5AC966008CB1B6 /* Resources */,
			);
			buildRules = (
			);
			dependencies = (
			);
			name = GymUI;
			productName = GymUI;
			productReference = 85D306132C5AC966008CB1B6 /* GymUI.app */;
			productType = "com.apple.product-type.application";
		};
		85D306232C5AC968008CB1B6 /* GymUITests */ = {
			isa = PBXNativeTarget;
			buildConfigurationList = 85D3063B2C5AC968008CB1B6 /* Build configuration list for PBXNativeTarget "GymUITests" */;
			buildPhases = (
				85D306202C5AC968008CB1B6 /* Sources */,
				85D306212C5AC968008CB1B6 /* Frameworks */,
				85D306222C5AC968008CB1B6 /* Resources */,
			);
			buildRules = (
			);
			dependencies = (
				85D306262C5AC968008CB1B6 /* PBXTargetDependency */,
			);
			name = GymUITests;
			productName = GymUITests;
			productReference = 85D306242C5AC968008CB1B6 /* GymUITests.xctest */;
			productType = "com.apple.product-type.bundle.unit-test";
		};
		85D3062D2C5AC968008CB1B6 /* GymUIUITests */ = {
			isa = PBXNativeTarget;
			buildConfigurationList = 85D3063E2C5AC968008CB1B6 /* Build configuration list for PBXNativeTarget "GymUIUITests" */;
			buildPhases = (
				85D3062A2C5AC968008CB1B6 /* Sources */,
				85D3062B2C5AC968008CB1B6 /* Frameworks */,
				85D3062C2C5AC968008CB1B6 /* Resources */,
			);
			buildRules = (
			);
			dependencies = (
				85D306302C5AC968008CB1B6 /* PBXTargetDependency */,
			);
			name = GymUIUITests;
			productName = GymUIUITests;
			productReference = 85D3062E2C5AC968008CB1B6 /* GymUIUITests.xctest */;
			productType = "com.apple.product-type.bundle.ui-testing";
		};
/* End PBXNativeTarget section */

/* Begin PBXProject section */
		85D3060B2C5AC966008CB1B6 /* Project object */ = {
			isa = PBXProject;
			attributes = {
				BuildIndependentTargetsInParallel = 1;
				LastSwiftUpdateCheck = 1540;
				LastUpgradeCheck = 1540;
				TargetAttributes = {
					85D306122C5AC966008CB1B6 = {
						CreatedOnToolsVersion = 15.4;
					};
					85D306232C5AC968008CB1B6 = {
						CreatedOnToolsVersion = 15.4;
						TestTargetID = 85D306122C5AC966008CB1B6;
					};
					85D3062D2C5AC968008CB1B6 = {
						CreatedOnToolsVersion = 15.4;
						TestTargetID = 85D306122C5AC966008CB1B6;
					};
				};
			};
			buildConfigurationList = 85D3060E2C5AC966008CB1B6 /* Build configuration list for PBXProject "GymUI" */;
			compatibilityVersion = "Xcode 14.0";
			developmentRegion = en;
			hasScannedForEncodings = 0;
			knownRegions = (
				en,
				Base,
			);
			mainGroup = 85D3060A2C5AC966008CB1B6;
			productRefGroup = 85D306142C5AC966008CB1B6 /* Products */;
			projectDirPath = "";
			projectRoot = "";
			targets = (
				85D306122C5AC966008CB1B6 /* GymUI */,
				85D306232C5AC968008CB1B6 /* GymUITests */,
				85D3062D2C5AC968008CB1B6 /* GymUIUITests */,
			);
		};
/* End PBXProject section */

/* Begin PBXResourcesBuildPhase section */
		85D306112C5AC966008CB1B6 /* Resources */ = {
			isa = PBXResourcesBuildPhase;
			buildActionMask = 2147483647;
			files = (
				85D3061F2C5AC968008CB1B6 /* Preview Assets.xcassets in Resources */,
				85D3061B2C5AC968008CB1B6 /* Assets.xcassets in Resources */,
			);
			runOnlyForDeploymentPostprocessing = 0;
		};
		85D306222C5AC968008CB1B6 /* Resources */ = {
			isa = PBXResourcesBuildPhase;
			buildActionMask = 2147483647;
			files = (
			);
			runOnlyForDeploymentPostprocessing = 0;
		};
		85D3062C2C5AC968008CB1B6 /* Resources */ = {
			isa = PBXResourcesBuildPhase;
			buildActionMask = 2147483647;
			files = (
			);
			runOnlyForDeploymentPostprocessing = 0;
		};
/* End PBXResourcesBuildPhase section */

/* Begin PBXSourcesBuildPhase section */
		85D3060F2C5AC966008CB1B6 /* Sources */ = {
			isa = PBXSourcesBuildPhase;
			buildActionMask = 2147483647;
			files = (
				855238602C6E761A009E26A4 /* WishlistView.swift in Sources */,
				855238742C7B5170009E26A4 /* CollectionRepository.swift in Sources */,
				855238632C70FDF5009E26A4 /* Storage.swift in Sources */,
				85D306192C5AC966008CB1B6 /* ContentView.swift in Sources */,
				855238772C7B52C0009E26A4 /* Cache.swift in Sources */,
				855238592C5FA620009E26A4 /* SetsView.swift in Sources */,
				8552385E2C6E75CC009E26A4 /* WishlistRepository.swift in Sources */,
				855238532C5FA177009E26A4 /* CardView.swift in Sources */,
				855238682C71181F009E26A4 /* CollectionView.swift in Sources */,
				8552386F2C7B5167009E26A4 /* CollectionRepository.swift in Sources */,
				8552385B2C5FB04F009E26A4 /* SearchCardView.swift in Sources */,
				8552386A2C711877009E26A4 /* CollectionRepository.swift in Sources */,
				855238662C710355009E26A4 /* DataUtils.swift in Sources */,
				8552384D2C5FA0A5009E26A4 /* SetModels.swift in Sources */,
				8552384B2C5FA07E009E26A4 /* CardModels.swift in Sources */,
				85D306422C5D8DEC008CB1B6 /* ViewModel.swift in Sources */,
				855238512C5FA155009E26A4 /* CardViewModel.swift in Sources */,
				85D306172C5AC966008CB1B6 /* GymUIApp.swift in Sources */,
				850F985F2C5DB15900CB7B2A /* SetView.swift in Sources */,
				850F985D2C5D9D1900CB7B2A /* URLImage.swift in Sources */,
				855238702C7B5167009E26A4 /* WishlistRepository.swift in Sources */,
				855238752C7B5171009E26A4 /* WishlistRepository.swift in Sources */,
			);
			runOnlyForDeploymentPostprocessing = 0;
		};
		85D306202C5AC968008CB1B6 /* Sources */ = {
			isa = PBXSourcesBuildPhase;
			buildActionMask = 2147483647;
			files = (
			);
			runOnlyForDeploymentPostprocessing = 0;
		};
		85D3062A2C5AC968008CB1B6 /* Sources */ = {
			isa = PBXSourcesBuildPhase;
			buildActionMask = 2147483647;
			files = (
			);
			runOnlyForDeploymentPostprocessing = 0;
		};
/* End PBXSourcesBuildPhase section */

/* Begin PBXTargetDependency section */
		85D306262C5AC968008CB1B6 /* PBXTargetDependency */ = {
			isa = PBXTargetDependency;
			target = 85D306122C5AC966008CB1B6 /* GymUI */;
			targetProxy = 85D306252C5AC968008CB1B6 /* PBXContainerItemProxy */;
		};
		85D306302C5AC968008CB1B6 /* PBXTargetDependency */ = {
			isa = PBXTargetDependency;
			target = 85D306122C5AC966008CB1B6 /* GymUI */;
			targetProxy = 85D3062F2C5AC968008CB1B6 /* PBXContainerItemProxy */;
		};
/* End PBXTargetDependency section */

/* Begin XCBuildConfiguration section */
		85D306362C5AC968008CB1B6 /* Debug */ = {
			isa = XCBuildConfiguration;
			buildSettings = {
				ALWAYS_SEARCH_USER_PATHS = NO;
				ASSETCATALOG_COMPILER_GENERATE_SWIFT_ASSET_SYMBOL_EXTENSIONS = YES;
				CLANG_ANALYZER_NONNULL = YES;
				CLANG_ANALYZER_NUMBER_OBJECT_CONVERSION = YES_AGGRESSIVE;
				CLANG_CXX_LANGUAGE_STANDARD = "gnu++20";
				CLANG_ENABLE_MODULES = YES;
				CLANG_ENABLE_OBJC_ARC = YES;
				CLANG_ENABLE_OBJC_WEAK = YES;
				CLANG_WARN_BLOCK_CAPTURE_AUTORELEASING = YES;
				CLANG_WARN_BOOL_CONVERSION = YES;
				CLANG_WARN_COMMA = YES;
				CLANG_WARN_CONSTANT_CONVERSION = YES;
				CLANG_WARN_DEPRECATED_OBJC_IMPLEMENTATIONS = YES;
				CLANG_WARN_DIRECT_OBJC_ISA_USAGE = YES_ERROR;
				CLANG_WARN_DOCUMENTATION_COMMENTS = YES;
				CLANG_WARN_EMPTY_BODY = YES;
				CLANG_WARN_ENUM_CONVERSION = YES;
				CLANG_WARN_INFINITE_RECURSION = YES;
				CLANG_WARN_INT_CONVERSION = YES;
				CLANG_WARN_NON_LITERAL_NULL_CONVERSION = YES;
				CLANG_WARN_OBJC_IMPLICIT_RETAIN_SELF = YES;
				CLANG_WARN_OBJC_LITERAL_CONVERSION = YES;
				CLANG_WARN_OBJC_ROOT_CLASS = YES_ERROR;
				CLANG_WARN_QUOTED_INCLUDE_IN_FRAMEWORK_HEADER = YES;
				CLANG_WARN_RANGE_LOOP_ANALYSIS = YES;
				CLANG_WARN_STRICT_PROTOTYPES = YES;
				CLANG_WARN_SUSPICIOUS_MOVE = YES;
				CLANG_WARN_UNGUARDED_AVAILABILITY = YES_AGGRESSIVE;
				CLANG_WARN_UNREACHABLE_CODE = YES;
				CLANG_WARN__DUPLICATE_METHOD_MATCH = YES;
				COPY_PHASE_STRIP = NO;
				DEBUG_INFORMATION_FORMAT = dwarf;
				ENABLE_STRICT_OBJC_MSGSEND = YES;
				ENABLE_TESTABILITY = YES;
				ENABLE_USER_SCRIPT_SANDBOXING = YES;
				GCC_C_LANGUAGE_STANDARD = gnu17;
				GCC_DYNAMIC_NO_PIC = NO;
				GCC_NO_COMMON_BLOCKS = YES;
				GCC_OPTIMIZATION_LEVEL = 0;
				GCC_PREPROCESSOR_DEFINITIONS = (
					"DEBUG=1",
					"$(inherited)",
				);
				GCC_WARN_64_TO_32_BIT_CONVERSION = YES;
				GCC_WARN_ABOUT_RETURN_TYPE = YES_ERROR;
				GCC_WARN_UNDECLARED_SELECTOR = YES;
				GCC_WARN_UNINITIALIZED_AUTOS = YES_AGGRESSIVE;
				GCC_WARN_UNUSED_FUNCTION = YES;
				GCC_WARN_UNUSED_VARIABLE = YES;
				LOCALIZATION_PREFERS_STRING_CATALOGS = YES;
				MTL_ENABLE_DEBUG_INFO = INCLUDE_SOURCE;
				MTL_FAST_MATH = YES;
				ONLY_ACTIVE_ARCH = YES;
				SWIFT_ACTIVE_COMPILATION_CONDITIONS = "DEBUG $(inherited)";
				SWIFT_OPTIMIZATION_LEVEL = "-Onone";
			};
			name = Debug;
		};
		85D306372C5AC968008CB1B6 /* Release */ = {
			isa = XCBuildConfiguration;
			buildSettings = {
				ALWAYS_SEARCH_USER_PATHS = NO;
				ASSETCATALOG_COMPILER_GENERATE_SWIFT_ASSET_SYMBOL_EXTENSIONS = YES;
				CLANG_ANALYZER_NONNULL = YES;
				CLANG_ANALYZER_NUMBER_OBJECT_CONVERSION = YES_AGGRESSIVE;
				CLANG_CXX_LANGUAGE_STANDARD = "gnu++20";
				CLANG_ENABLE_MODULES = YES;
				CLANG_ENABLE_OBJC_ARC = YES;
				CLANG_ENABLE_OBJC_WEAK = YES;
				CLANG_WARN_BLOCK_CAPTURE_AUTORELEASING = YES;
				CLANG_WARN_BOOL_CONVERSION = YES;
				CLANG_WARN_COMMA = YES;
				CLANG_WARN_CONSTANT_CONVERSION = YES;
				CLANG_WARN_DEPRECATED_OBJC_IMPLEMENTATIONS = YES;
				CLANG_WARN_DIRECT_OBJC_ISA_USAGE = YES_ERROR;
				CLANG_WARN_DOCUMENTATION_COMMENTS = YES;
				CLANG_WARN_EMPTY_BODY = YES;
				CLANG_WARN_ENUM_CONVERSION = YES;
				CLANG_WARN_INFINITE_RECURSION = YES;
				CLANG_WARN_INT_CONVERSION = YES;
				CLANG_WARN_NON_LITERAL_NULL_CONVERSION = YES;
				CLANG_WARN_OBJC_IMPLICIT_RETAIN_SELF = YES;
				CLANG_WARN_OBJC_LITERAL_CONVERSION = YES;
				CLANG_WARN_OBJC_ROOT_CLASS = YES_ERROR;
				CLANG_WARN_QUOTED_INCLUDE_IN_FRAMEWORK_HEADER = YES;
				CLANG_WARN_RANGE_LOOP_ANALYSIS = YES;
				CLANG_WARN_STRICT_PROTOTYPES = YES;
				CLANG_WARN_SUSPICIOUS_MOVE = YES;
				CLANG_WARN_UNGUARDED_AVAILABILITY = YES_AGGRESSIVE;
				CLANG_WARN_UNREACHABLE_CODE = YES;
				CLANG_WARN__DUPLICATE_METHOD_MATCH = YES;
				COPY_PHASE_STRIP = NO;
				DEBUG_INFORMATION_FORMAT = "dwarf-with-dsym";
				ENABLE_NS_ASSERTIONS = NO;
				ENABLE_STRICT_OBJC_MSGSEND = YES;
				ENABLE_USER_SCRIPT_SANDBOXING = YES;
				GCC_C_LANGUAGE_STANDARD = gnu17;
				GCC_NO_COMMON_BLOCKS = YES;
				GCC_WARN_64_TO_32_BIT_CONVERSION = YES;
				GCC_WARN_ABOUT_RETURN_TYPE = YES_ERROR;
				GCC_WARN_UNDECLARED_SELECTOR = YES;
				GCC_WARN_UNINITIALIZED_AUTOS = YES_AGGRESSIVE;
				GCC_WARN_UNUSED_FUNCTION = YES;
				GCC_WARN_UNUSED_VARIABLE = YES;
				LOCALIZATION_PREFERS_STRING_CATALOGS = YES;
				MTL_ENABLE_DEBUG_INFO = NO;
				MTL_FAST_MATH = YES;
				SWIFT_COMPILATION_MODE = wholemodule;
			};
			name = Release;
		};
		85D306392C5AC968008CB1B6 /* Debug */ = {
			isa = XCBuildConfiguration;
			buildSettings = {
				ASSETCATALOG_COMPILER_APPICON_NAME = AppIcon;
				ASSETCATALOG_COMPILER_GLOBAL_ACCENT_COLOR_NAME = AccentColor;
				CODE_SIGN_ENTITLEMENTS = GymUI/GymUI.entitlements;
				CODE_SIGN_STYLE = Automatic;
				CURRENT_PROJECT_VERSION = 1;
				DEVELOPMENT_ASSET_PATHS = "\"GymUI/Preview Content\"";
				ENABLE_PREVIEWS = YES;
				GENERATE_INFOPLIST_FILE = YES;
				INFOPLIST_FILE = GymUI/Info.plist;
				"INFOPLIST_KEY_UIApplicationSceneManifest_Generation[sdk=iphoneos*]" = YES;
				"INFOPLIST_KEY_UIApplicationSceneManifest_Generation[sdk=iphonesimulator*]" = YES;
				"INFOPLIST_KEY_UIApplicationSupportsIndirectInputEvents[sdk=iphoneos*]" = YES;
				"INFOPLIST_KEY_UIApplicationSupportsIndirectInputEvents[sdk=iphonesimulator*]" = YES;
				"INFOPLIST_KEY_UILaunchScreen_Generation[sdk=iphoneos*]" = YES;
				"INFOPLIST_KEY_UILaunchScreen_Generation[sdk=iphonesimulator*]" = YES;
				"INFOPLIST_KEY_UIStatusBarStyle[sdk=iphoneos*]" = UIStatusBarStyleDefault;
				"INFOPLIST_KEY_UIStatusBarStyle[sdk=iphonesimulator*]" = UIStatusBarStyleDefault;
				INFOPLIST_KEY_UISupportedInterfaceOrientations_iPad = "UIInterfaceOrientationPortrait UIInterfaceOrientationPortraitUpsideDown UIInterfaceOrientationLandscapeLeft UIInterfaceOrientationLandscapeRight";
				INFOPLIST_KEY_UISupportedInterfaceOrientations_iPhone = "UIInterfaceOrientationPortrait UIInterfaceOrientationLandscapeLeft UIInterfaceOrientationLandscapeRight";
				IPHONEOS_DEPLOYMENT_TARGET = 17.5;
				LD_RUNPATH_SEARCH_PATHS = "@executable_path/Frameworks";
				"LD_RUNPATH_SEARCH_PATHS[sdk=macosx*]" = "@executable_path/../Frameworks";
				MACOSX_DEPLOYMENT_TARGET = 14.5;
				MARKETING_VERSION = 1.0;
				PRODUCT_BUNDLE_IDENTIFIER = Swift1.GymUI;
				PRODUCT_NAME = "$(TARGET_NAME)";
				SDKROOT = auto;
				SUPPORTED_PLATFORMS = "iphoneos iphonesimulator macosx";
				SWIFT_EMIT_LOC_STRINGS = YES;
				SWIFT_VERSION = 5.0;
				TARGETED_DEVICE_FAMILY = "1,2";
			};
			name = Debug;
		};
		85D3063A2C5AC968008CB1B6 /* Release */ = {
			isa = XCBuildConfiguration;
			buildSettings = {
				ASSETCATALOG_COMPILER_APPICON_NAME = AppIcon;
				ASSETCATALOG_COMPILER_GLOBAL_ACCENT_COLOR_NAME = AccentColor;
				CODE_SIGN_ENTITLEMENTS = GymUI/GymUI.entitlements;
				CODE_SIGN_STYLE = Automatic;
				CURRENT_PROJECT_VERSION = 1;
				DEVELOPMENT_ASSET_PATHS = "\"GymUI/Preview Content\"";
				ENABLE_PREVIEWS = YES;
				GENERATE_INFOPLIST_FILE = YES;
				INFOPLIST_FILE = GymUI/Info.plist;
				"INFOPLIST_KEY_UIApplicationSceneManifest_Generation[sdk=iphoneos*]" = YES;
				"INFOPLIST_KEY_UIApplicationSceneManifest_Generation[sdk=iphonesimulator*]" = YES;
				"INFOPLIST_KEY_UIApplicationSupportsIndirectInputEvents[sdk=iphoneos*]" = YES;
				"INFOPLIST_KEY_UIApplicationSupportsIndirectInputEvents[sdk=iphonesimulator*]" = YES;
				"INFOPLIST_KEY_UILaunchScreen_Generation[sdk=iphoneos*]" = YES;
				"INFOPLIST_KEY_UILaunchScreen_Generation[sdk=iphonesimulator*]" = YES;
				"INFOPLIST_KEY_UIStatusBarStyle[sdk=iphoneos*]" = UIStatusBarStyleDefault;
				"INFOPLIST_KEY_UIStatusBarStyle[sdk=iphonesimulator*]" = UIStatusBarStyleDefault;
				INFOPLIST_KEY_UISupportedInterfaceOrientations_iPad = "UIInterfaceOrientationPortrait UIInterfaceOrientationPortraitUpsideDown UIInterfaceOrientationLandscapeLeft UIInterfaceOrientationLandscapeRight";
				INFOPLIST_KEY_UISupportedInterfaceOrientations_iPhone = "UIInterfaceOrientationPortrait UIInterfaceOrientationLandscapeLeft UIInterfaceOrientationLandscapeRight";
				IPHONEOS_DEPLOYMENT_TARGET = 17.5;
				LD_RUNPATH_SEARCH_PATHS = "@executable_path/Frameworks";
				"LD_RUNPATH_SEARCH_PATHS[sdk=macosx*]" = "@executable_path/../Frameworks";
				MACOSX_DEPLOYMENT_TARGET = 14.5;
				MARKETING_VERSION = 1.0;
				PRODUCT_BUNDLE_IDENTIFIER = Swift1.GymUI;
				PRODUCT_NAME = "$(TARGET_NAME)";
				SDKROOT = auto;
				SUPPORTED_PLATFORMS = "iphoneos iphonesimulator macosx";
				SWIFT_EMIT_LOC_STRINGS = YES;
				SWIFT_VERSION = 5.0;
				TARGETED_DEVICE_FAMILY = "1,2";
			};
			name = Release;
		};
		85D3063C2C5AC968008CB1B6 /* Debug */ = {
			isa = XCBuildConfiguration;
			buildSettings = {
				ALWAYS_EMBED_SWIFT_STANDARD_LIBRARIES = YES;
				BUNDLE_LOADER = "$(TEST_HOST)";
				CODE_SIGN_STYLE = Automatic;
				CURRENT_PROJECT_VERSION = 1;
				GENERATE_INFOPLIST_FILE = YES;
				IPHONEOS_DEPLOYMENT_TARGET = 17.5;
				MACOSX_DEPLOYMENT_TARGET = 14.5;
				MARKETING_VERSION = 1.0;
				PRODUCT_BUNDLE_IDENTIFIER = Swift1.GymUITests;
				PRODUCT_NAME = "$(TARGET_NAME)";
				SDKROOT = auto;
				SUPPORTED_PLATFORMS = "iphoneos iphonesimulator macosx";
				SWIFT_EMIT_LOC_STRINGS = NO;
				SWIFT_VERSION = 5.0;
				TARGETED_DEVICE_FAMILY = "1,2";
				TEST_HOST = "$(BUILT_PRODUCTS_DIR)/GymUI.app/$(BUNDLE_EXECUTABLE_FOLDER_PATH)/GymUI";
			};
			name = Debug;
		};
		85D3063D2C5AC968008CB1B6 /* Release */ = {
			isa = XCBuildConfiguration;
			buildSettings = {
				ALWAYS_EMBED_SWIFT_STANDARD_LIBRARIES = YES;
				BUNDLE_LOADER = "$(TEST_HOST)";
				CODE_SIGN_STYLE = Automatic;
				CURRENT_PROJECT_VERSION = 1;
				GENERATE_INFOPLIST_FILE = YES;
				IPHONEOS_DEPLOYMENT_TARGET = 17.5;
				MACOSX_DEPLOYMENT_TARGET = 14.5;
				MARKETING_VERSION = 1.0;
				PRODUCT_BUNDLE_IDENTIFIER = Swift1.GymUITests;
				PRODUCT_NAME = "$(TARGET_NAME)";
				SDKROOT = auto;
				SUPPORTED_PLATFORMS = "iphoneos iphonesimulator macosx";
				SWIFT_EMIT_LOC_STRINGS = NO;
				SWIFT_VERSION = 5.0;
				TARGETED_DEVICE_FAMILY = "1,2";
				TEST_HOST = "$(BUILT_PRODUCTS_DIR)/GymUI.app/$(BUNDLE_EXECUTABLE_FOLDER_PATH)/GymUI";
			};
			name = Release;
		};
		85D3063F2C5AC968008CB1B6 /* Debug */ = {
			isa = XCBuildConfiguration;
			buildSettings = {
				ALWAYS_EMBED_SWIFT_STANDARD_LIBRARIES = YES;
				CODE_SIGN_STYLE = Automatic;
				CURRENT_PROJECT_VERSION = 1;
				GENERATE_INFOPLIST_FILE = YES;
				IPHONEOS_DEPLOYMENT_TARGET = 17.5;
				MACOSX_DEPLOYMENT_TARGET = 14.5;
				MARKETING_VERSION = 1.0;
				PRODUCT_BUNDLE_IDENTIFIER = Swift1.GymUIUITests;
				PRODUCT_NAME = "$(TARGET_NAME)";
				SDKROOT = auto;
				SUPPORTED_PLATFORMS = "iphoneos iphonesimulator macosx";
				SWIFT_EMIT_LOC_STRINGS = NO;
				SWIFT_VERSION = 5.0;
				TARGETED_DEVICE_FAMILY = "1,2";
				TEST_TARGET_NAME = GymUI;
			};
			name = Debug;
		};
		85D306402C5AC968008CB1B6 /* Release */ = {
			isa = XCBuildConfiguration;
			buildSettings = {
				ALWAYS_EMBED_SWIFT_STANDARD_LIBRARIES = YES;
				CODE_SIGN_STYLE = Automatic;
				CURRENT_PROJECT_VERSION = 1;
				GENERATE_INFOPLIST_FILE = YES;
				IPHONEOS_DEPLOYMENT_TARGET = 17.5;
				MACOSX_DEPLOYMENT_TARGET = 14.5;
				MARKETING_VERSION = 1.0;
				PRODUCT_BUNDLE_IDENTIFIER = Swift1.GymUIUITests;
				PRODUCT_NAME = "$(TARGET_NAME)";
				SDKROOT = auto;
				SUPPORTED_PLATFORMS = "iphoneos iphonesimulator macosx";
				SWIFT_EMIT_LOC_STRINGS = NO;
				SWIFT_VERSION = 5.0;
				TARGETED_DEVICE_FAMILY = "1,2";
				TEST_TARGET_NAME = GymUI;
			};
			name = Release;
		};
/* End XCBuildConfiguration section */

/* Begin XCConfigurationList section */
		85D3060E2C5AC966008CB1B6 /* Build configuration list for PBXProject "GymUI" */ = {
			isa = XCConfigurationList;
			buildConfigurations = (
				85D306362C5AC968008CB1B6 /* Debug */,
				85D306372C5AC968008CB1B6 /* Release */,
			);
			defaultConfigurationIsVisible = 0;
			defaultConfigurationName = Release;
		};
		85D306382C5AC968008CB1B6 /* Build configuration list for PBXNativeTarget "GymUI" */ = {
			isa = XCConfigurationList;
			buildConfigurations = (
				85D306392C5AC968008CB1B6 /* Debug */,
				85D3063A2C5AC968008CB1B6 /* Release */,
			);
			defaultConfigurationIsVisible = 0;
			defaultConfigurationName = Release;
		};
		85D3063B2C5AC968008CB1B6 /* Build configuration list for PBXNativeTarget "GymUITests" */ = {
			isa = XCConfigurationList;
			buildConfigurations = (
				85D3063C2C5AC968008CB1B6 /* Debug */,
				85D3063D2C5AC968008CB1B6 /* Release */,
			);
			defaultConfigurationIsVisible = 0;
			defaultConfigurationName = Release;
		};
		85D3063E2C5AC968008CB1B6 /* Build configuration list for PBXNativeTarget "GymUIUITests" */ = {
			isa = XCConfigurationList;
			buildConfigurations = (
				85D3063F2C5AC968008CB1B6 /* Debug */,
				85D306402C5AC968008CB1B6 /* Release */,
			);
			defaultConfigurationIsVisible = 0;
			defaultConfigurationName = Release;
		};
/* End XCConfigurationList section */
	};
	rootObject = 85D3060B2C5AC966008CB1B6 /* Project object */;
}
